
Microsoft Visual Studio Solution File, Format Version 12.00
# Visual Studio Version 16
VisualStudioVersion = 16.0.29519.87
MinimumVisualStudioVersion = 10.0.40219.1
Project("{FAE04EC0-301F-11D3-BF4B-00C04F79EFBC}") = "XFPrismHello", "XFPrismHello\XFPrismHello.csproj", "{B16222BB-391C-4296-B306-BB9B1658139F}"
EndProject
Project("{FAE04EC0-301F-11D3-BF4B-00C04F79EFBC}") = "XFPrismHello.Android", "XFPrismHello.Android\XFPrismHello.Android.csproj", "{424E16ED-709E-4F8F-8F8D-1C17FE7B6888}"
EndProject
Project("{FAE04EC0-301F-11D3-BF4B-00C04F79EFBC}") = "XFPrismHello.iOS", "XFPrismHello.iOS\XFPrismHello.iOS.csproj", "{AB41B62C-44FA-477E-A8CB-72BF8A3E4D86}"
EndProject
Project("{FAE04EC0-301F-11D3-BF4B-00C04F79EFBC}") = "XFPrismHello.UWP", "XFPrismHello.UWP\XFPrismHello.UWP.csproj", "{615BABC2-734F-47E7-ADD8-5A9B6FFC4597}"
EndProject
Global
	GlobalSection(SolutionConfigurationPlatforms) = preSolution
		Ad-Hoc|Any CPU = Ad-Hoc|Any CPU
		Ad-Hoc|ARM = Ad-Hoc|ARM
		Ad-Hoc|iPhone = Ad-Hoc|iPhone
		Ad-Hoc|iPhoneSimulator = Ad-Hoc|iPhoneSimulator
		Ad-Hoc|x64 = Ad-Hoc|x64
		Ad-Hoc|x86 = Ad-Hoc|x86
		AppStore|Any CPU = AppStore|Any CPU
		AppStore|ARM = AppStore|ARM
		AppStore|iPhone = AppStore|iPhone
		AppStore|iPhoneSimulator = AppStore|iPhoneSimulator
		AppStore|x64 = AppStore|x64
		AppStore|x86 = AppStore|x86
		Debug|Any CPU = Debug|Any CPU
		Debug|ARM = Debug|ARM
		Debug|iPhone = Debug|iPhone
		Debug|iPhoneSimulator = Debug|iPhoneSimulator
		Debug|x64 = Debug|x64
		Debug|x86 = Debug|x86
		Release|Any CPU = Release|Any CPU
		Release|ARM = Release|ARM
		Release|iPhone = Release|iPhone
		Release|iPhoneSimulator = Release|iPhoneSimulator
		Release|x64 = Release|x64
		Release|x86 = Release|x86
	EndGlobalSection
	GlobalSection(ProjectConfigurationPlatforms) = postSolution
		{B16222BB-391C-4296-B306-BB9B1658139F}.Ad-Hoc|Any CPU.ActiveCfg = Debug|Any CPU
		{B16222BB-391C-4296-B306-BB9B1658139F}.Ad-Hoc|Any CPU.Build.0 = Debug|Any CPU
		{B16222BB-391C-4296-B306-BB9B1658139F}.Ad-Hoc|ARM.ActiveCfg = Debug|Any CPU
		{B16222BB-391C-4296-B306-BB9B1658139F}.Ad-Hoc|ARM.Build.0 = Debug|Any CPU
		{B16222BB-391C-4296-B306-BB9B1658139F}.Ad-Hoc|iPhone.ActiveCfg = Debug|Any CPU
		{B16222BB-391C-4296-B306-BB9B1658139F}.Ad-Hoc|iPhone.Build.0 = Debug|Any CPU
		{B16222BB-391C-4296-B306-BB9B1658139F}.Ad-Hoc|iPhoneSimulator.ActiveCfg = Debug|Any CPU
		{B16222BB-391C-4296-B306-BB9B1658139F}.Ad-Hoc|iPhoneSimulator.Build.0 = Debug|Any CPU
		{B16222BB-391C-4296-B306-BB9B1658139F}.Ad-Hoc|x64.ActiveCfg = Debug|Any CPU
		{B16222BB-391C-4296-B306-BB9B1658139F}.Ad-Hoc|x64.Build.0 = Debug|Any CPU
		{B16222BB-391C-4296-B306-BB9B1658139F}.Ad-Hoc|x86.ActiveCfg = Debug|Any CPU
		{B16222BB-391C-4296-B306-BB9B1658139F}.Ad-Hoc|x86.Build.0 = Debug|Any CPU
		{B16222BB-391C-4296-B306-BB9B1658139F}.AppStore|Any CPU.ActiveCfg = Debug|Any CPU
		{B16222BB-391C-4296-B306-BB9B1658139F}.AppStore|Any CPU.Build.0 = Debug|Any CPU
		{B16222BB-391C-4296-B306-BB9B1658139F}.AppStore|ARM.ActiveCfg = Debug|Any CPU
		{B16222BB-391C-4296-B306-BB9B1658139F}.AppStore|ARM.Build.0 = Debug|Any CPU
		{B16222BB-391C-4296-B306-BB9B1658139F}.AppStore|iPhone.ActiveCfg = Debug|Any CPU
		{B16222BB-391C-4296-B306-BB9B1658139F}.AppStore|iPhone.Build.0 = Debug|Any CPU
		{B16222BB-391C-4296-B306-BB9B1658139F}.AppStore|iPhoneSimulator.ActiveCfg = Debug|Any CPU
		{B16222BB-391C-4296-B306-BB9B1658139F}.AppStore|iPhoneSimulator.Build.0 = Debug|Any CPU
		{B16222BB-391C-4296-B306-BB9B1658139F}.AppStore|x64.ActiveCfg = Debug|Any CPU
		{B16222BB-391C-4296-B306-BB9B1658139F}.AppStore|x64.Build.0 = Debug|Any CPU
		{B16222BB-391C-4296-B306-BB9B1658139F}.AppStore|x86.ActiveCfg = Debug|Any CPU
		{B16222BB-391C-4296-B306-BB9B1658139F}.AppStore|x86.Build.0 = Debug|Any CPU
		{B16222BB-391C-4296-B306-BB9B1658139F}.Debug|Any CPU.ActiveCfg = Debug|Any CPU
		{B16222BB-391C-4296-B306-BB9B1658139F}.Debug|Any CPU.Build.0 = Debug|Any CPU
		{B16222BB-391C-4296-B306-BB9B1658139F}.Debug|ARM.ActiveCfg = Debug|Any CPU
		{B16222BB-391C-4296-B306-BB9B1658139F}.Debug|ARM.Build.0 = Debug|Any CPU
		{B16222BB-391C-4296-B306-BB9B1658139F}.Debug|iPhone.ActiveCfg = Debug|Any CPU
		{B16222BB-391C-4296-B306-BB9B1658139F}.Debug|iPhone.Build.0 = Debug|Any CPU
		{B16222BB-391C-4296-B306-BB9B1658139F}.Debug|iPhoneSimulator.ActiveCfg = Debug|Any CPU
		{B16222BB-391C-4296-B306-BB9B1658139F}.Debug|iPhoneSimulator.Build.0 = Debug|Any CPU
		{B16222BB-391C-4296-B306-BB9B1658139F}.Debug|x64.ActiveCfg = Debug|Any CPU
		{B16222BB-391C-4296-B306-BB9B1658139F}.Debug|x64.Build.0 = Debug|Any CPU
		{B16222BB-391C-4296-B306-BB9B1658139F}.Debug|x86.ActiveCfg = Debug|Any CPU
		{B16222BB-391C-4296-B306-BB9B1658139F}.Debug|x86.Build.0 = Debug|Any CPU
		{B16222BB-391C-4296-B306-BB9B1658139F}.Release|Any CPU.ActiveCfg = Release|Any CPU
		{B16222BB-391C-4296-B306-BB9B1658139F}.Release|Any CPU.Build.0 = Release|Any CPU
		{B16222BB-391C-4296-B306-BB9B1658139F}.Release|ARM.ActiveCfg = Release|Any CPU
		{B16222BB-391C-4296-B306-BB9B1658139F}.Release|ARM.Build.0 = Release|Any CPU
		{B16222BB-391C-4296-B306-BB9B1658139F}.Release|iPhone.ActiveCfg = Release|Any CPU
		{B16222BB-391C-4296-B306-BB9B1658139F}.Release|iPhone.Build.0 = Release|Any CPU
		{B16222BB-391C-4296-B306-BB9B1658139F}.Release|iPhoneSimulator.ActiveCfg = Release|Any CPU
		{B16222BB-391C-4296-B306-BB9B1658139F}.Release|iPhoneSimulator.Build.0 = Release|Any CPU
		{B16222BB-391C-4296-B306-BB9B1658139F}.Release|x64.ActiveCfg = Release|Any CPU
		{B16222BB-391C-4296-B306-BB9B1658139F}.Release|x64.Build.0 = Release|Any CPU
		{B16222BB-391C-4296-B306-BB9B1658139F}.Release|x86.ActiveCfg = Release|Any CPU
		{B16222BB-391C-4296-B306-BB9B1658139F}.Release|x86.Build.0 = Release|Any CPU
		{424E16ED-709E-4F8F-8F8D-1C17FE7B6888}.Ad-Hoc|Any CPU.ActiveCfg = Release|Any CPU
		{424E16ED-709E-4F8F-8F8D-1C17FE7B6888}.Ad-Hoc|Any CPU.Build.0 = Release|Any CPU
		{424E16ED-709E-4F8F-8F8D-1C17FE7B6888}.Ad-Hoc|Any CPU.Deploy.0 = Release|Any CPU
		{424E16ED-709E-4F8F-8F8D-1C17FE7B6888}.Ad-Hoc|ARM.ActiveCfg = Release|Any CPU
		{424E16ED-709E-4F8F-8F8D-1C17FE7B6888}.Ad-Hoc|ARM.Build.0 = Release|Any CPU
		{424E16ED-709E-4F8F-8F8D-1C17FE7B6888}.Ad-Hoc|ARM.Deploy.0 = Release|Any CPU
		{424E16ED-709E-4F8F-8F8D-1C17FE7B6888}.Ad-Hoc|iPhone.ActiveCfg = Release|Any CPU
		{424E16ED-709E-4F8F-8F8D-1C17FE7B6888}.Ad-Hoc|iPhone.Build.0 = Release|Any CPU
		{424E16ED-709E-4F8F-8F8D-1C17FE7B6888}.Ad-Hoc|iPhone.Deploy.0 = Release|Any CPU
		{424E16ED-709E-4F8F-8F8D-1C17FE7B6888}.Ad-Hoc|iPhoneSimulator.ActiveCfg = Release|Any CPU
		{424E16ED-709E-4F8F-8F8D-1C17FE7B6888}.Ad-Hoc|iPhoneSimulator.Build.0 = Release|Any CPU
		{424E16ED-709E-4F8F-8F8D-1C17FE7B6888}.Ad-Hoc|iPhoneSimulator.Deploy.0 = Release|Any CPU
		{424E16ED-709E-4F8F-8F8D-1C17FE7B6888}.Ad-Hoc|x64.ActiveCfg = Release|Any CPU
		{424E16ED-709E-4F8F-8F8D-1C17FE7B6888}.Ad-Hoc|x64.Build.0 = Release|Any CPU
		{424E16ED-709E-4F8F-8F8D-1C17FE7B6888}.Ad-Hoc|x64.Deploy.0 = Release|Any CPU
		{424E16ED-709E-4F8F-8F8D-1C17FE7B6888}.Ad-Hoc|x86.ActiveCfg = Release|Any CPU
		{424E16ED-709E-4F8F-8F8D-1C17FE7B6888}.Ad-Hoc|x86.Build.0 = Release|Any CPU
		{424E16ED-709E-4F8F-8F8D-1C17FE7B6888}.Ad-Hoc|x86.Deploy.0 = Release|Any CPU
		{424E16ED-709E-4F8F-8F8D-1C17FE7B6888}.AppStore|Any CPU.ActiveCfg = Release|Any CPU
		{424E16ED-709E-4F8F-8F8D-1C17FE7B6888}.AppStore|Any CPU.Build.0 = Release|Any CPU
		{424E16ED-709E-4F8F-8F8D-1C17FE7B6888}.AppStore|Any CPU.Deploy.0 = Release|Any CPU
		{424E16ED-709E-4F8F-8F8D-1C17FE7B6888}.AppStore|ARM.ActiveCfg = Release|Any CPU
		{424E16ED-709E-4F8F-8F8D-1C17FE7B6888}.AppStore|ARM.Build.0 = Release|Any CPU
		{424E16ED-709E-4F8F-8F8D-1C17FE7B6888}.AppStore|ARM.Deploy.0 = Release|Any CPU
		{424E16ED-709E-4F8F-8F8D-1C17FE7B6888}.AppStore|iPhone.ActiveCfg = Release|Any CPU
		{424E16ED-709E-4F8F-8F8D-1C17FE7B6888}.AppStore|iPhone.Build.0 = Release|Any CPU
		{424E16ED-709E-4F8F-8F8D-1C17FE7B6888}.AppStore|iPhone.Deploy.0 = Release|Any CPU
		{424E16ED-709E-4F8F-8F8D-1C17FE7B6888}.AppStore|iPhoneSimulator.ActiveCfg = Release|Any CPU
		{424E16ED-709E-4F8F-8F8D-1C17FE7B6888}.AppStore|iPhoneSimulator.Build.0 = Release|Any CPU
		{424E16ED-709E-4F8F-8F8D-1C17FE7B6888}.AppStore|iPhoneSimulator.Deploy.0 = Release|Any CPU
		{424E16ED-709E-4F8F-8F8D-1C17FE7B6888}.AppStore|x64.ActiveCfg = Release|Any CPU
		{424E16ED-709E-4F8F-8F8D-1C17FE7B6888}.AppStore|x64.Build.0 = Release|Any CPU
		{424E16ED-709E-4F8F-8F8D-1C17FE7B6888}.AppStore|x64.Deploy.0 = Release|Any CPU
		{424E16ED-709E-4F8F-8F8D-1C17FE7B6888}.AppStore|x86.ActiveCfg = Release|Any CPU
		{424E16ED-709E-4F8F-8F8D-1C17FE7B6888}.AppStore|x86.Build.0 = Release|Any CPU
		{424E16ED-709E-4F8F-8F8D-1C17FE7B6888}.AppStore|x86.Deploy.0 = Release|Any CPU
		{424E16ED-709E-4F8F-8F8D-1C17FE7B6888}.Debug|Any CPU.ActiveCfg = Debug|Any CPU
		{424E16ED-709E-4F8F-8F8D-1C17FE7B6888}.Debug|Any CPU.Build.0 = Debug|Any CPU
		{424E16ED-709E-4F8F-8F8D-1C17FE7B6888}.Debug|Any CPU.Deploy.0 = Debug|Any CPU
		{424E16ED-709E-4F8F-8F8D-1C17FE7B6888}.Debug|ARM.ActiveCfg = Debug|Any CPU
		{424E16ED-709E-4F8F-8F8D-1C17FE7B6888}.Debug|ARM.Build.0 = Debug|Any CPU
		{424E16ED-709E-4F8F-8F8D-1C17FE7B6888}.Debug|ARM.Deploy.0 = Debug|Any CPU
		{424E16ED-709E-4F8F-8F8D-1C17FE7B6888}.Debug|iPhone.ActiveCfg = Debug|Any CPU
		{424E16ED-709E-4F8F-8F8D-1C17FE7B6888}.Debug|iPhone.Build.0 = Debug|Any CPU
		{424E16ED-709E-4F8F-8F8D-1C17FE7B6888}.Debug|iPhone.Deploy.0 = Debug|Any CPU
		{424E16ED-709E-4F8F-8F8D-1C17FE7B6888}.Debug|iPhoneSimulator.ActiveCfg = Debug|Any CPU
		{424E16ED-709E-4F8F-8F8D-1C17FE7B6888}.Debug|iPhoneSimulator.Build.0 = Debug|Any CPU
		{424E16ED-709E-4F8F-8F8D-1C17FE7B6888}.Debug|iPhoneSimulator.Deploy.0 = Debug|Any CPU
		{424E16ED-709E-4F8F-8F8D-1C17FE7B6888}.Debug|x64.ActiveCfg = Debug|Any CPU
		{424E16ED-709E-4F8F-8F8D-1C17FE7B6888}.Debug|x64.Build.0 = Debug|Any CPU
		{424E16ED-709E-4F8F-8F8D-1C17FE7B6888}.Debug|x64.Deploy.0 = Debug|Any CPU
		{424E16ED-709E-4F8F-8F8D-1C17FE7B6888}.Debug|x86.ActiveCfg = Debug|Any CPU
		{424E16ED-709E-4F8F-8F8D-1C17FE7B6888}.Debug|x86.Build.0 = Debug|Any CPU
		{424E16ED-709E-4F8F-8F8D-1C17FE7B6888}.Debug|x86.Deploy.0 = Debug|Any CPU
		{424E16ED-709E-4F8F-8F8D-1C17FE7B6888}.Release|Any CPU.ActiveCfg = Release|Any CPU
		{424E16ED-709E-4F8F-8F8D-1C17FE7B6888}.Release|Any CPU.Build.0 = Release|Any CPU
		{424E16ED-709E-4F8F-8F8D-1C17FE7B6888}.Release|Any CPU.Deploy.0 = Release|Any CPU
		{424E16ED-709E-4F8F-8F8D-1C17FE7B6888}.Release|ARM.ActiveCfg = Release|Any CPU
		{424E16ED-709E-4F8F-8F8D-1C17FE7B6888}.Release|ARM.Build.0 = Release|Any CPU
		{424E16ED-709E-4F8F-8F8D-1C17FE7B6888}.Release|ARM.Deploy.0 = Release|Any CPU
		{424E16ED-709E-4F8F-8F8D-1C17FE7B6888}.Release|iPhone.ActiveCfg = Release|Any CPU
		{424E16ED-709E-4F8F-8F8D-1C17FE7B6888}.Release|iPhone.Build.0 = Release|Any CPU
		{424E16ED-709E-4F8F-8F8D-1C17FE7B6888}.Release|iPhone.Deploy.0 = Release|Any CPU
		{424E16ED-709E-4F8F-8F8D-1C17FE7B6888}.Release|iPhoneSimulator.ActiveCfg = Release|Any CPU
		{424E16ED-709E-4F8F-8F8D-1C17FE7B6888}.Release|iPhoneSimulator.Build.0 = Release|Any CPU
		{424E16ED-709E-4F8F-8F8D-1C17FE7B6888}.Release|iPhoneSimulator.Deploy.0 = Release|Any CPU
		{424E16ED-709E-4F8F-8F8D-1C17FE7B6888}.Release|x64.ActiveCfg = Release|Any CPU
		{424E16ED-709E-4F8F-8F8D-1C17FE7B6888}.Release|x64.Build.0 = Release|Any CPU
		{424E16ED-709E-4F8F-8F8D-1C17FE7B6888}.Release|x64.Deploy.0 = Release|Any CPU
		{424E16ED-709E-4F8F-8F8D-1C17FE7B6888}.Release|x86.ActiveCfg = Release|Any CPU
		{424E16ED-709E-4F8F-8F8D-1C17FE7B6888}.Release|x86.Build.0 = Release|Any CPU
		{424E16ED-709E-4F8F-8F8D-1C17FE7B6888}.Release|x86.Deploy.0 = Release|Any CPU
		{AB41B62C-44FA-477E-A8CB-72BF8A3E4D86}.Ad-Hoc|Any CPU.ActiveCfg = Ad-Hoc|iPhone
		{AB41B62C-44FA-477E-A8CB-72BF8A3E4D86}.Ad-Hoc|ARM.ActiveCfg = Ad-Hoc|iPhone
		{AB41B62C-44FA-477E-A8CB-72BF8A3E4D86}.Ad-Hoc|iPhone.ActiveCfg = Ad-Hoc|iPhone
		{AB41B62C-44FA-477E-A8CB-72BF8A3E4D86}.Ad-Hoc|iPhone.Build.0 = Ad-Hoc|iPhone
		{AB41B62C-44FA-477E-A8CB-72BF8A3E4D86}.Ad-Hoc|iPhoneSimulator.ActiveCfg = Ad-Hoc|iPhoneSimulator
		{AB41B62C-44FA-477E-A8CB-72BF8A3E4D86}.Ad-Hoc|iPhoneSimulator.Build.0 = Ad-Hoc|iPhoneSimulator
		{AB41B62C-44FA-477E-A8CB-72BF8A3E4D86}.Ad-Hoc|x64.ActiveCfg = Ad-Hoc|iPhone
		{AB41B62C-44FA-477E-A8CB-72BF8A3E4D86}.Ad-Hoc|x86.ActiveCfg = Ad-Hoc|iPhone
		{AB41B62C-44FA-477E-A8CB-72BF8A3E4D86}.AppStore|Any CPU.ActiveCfg = AppStore|iPhone
		{AB41B62C-44FA-477E-A8CB-72BF8A3E4D86}.AppStore|ARM.ActiveCfg = AppStore|iPhone
		{AB41B62C-44FA-477E-A8CB-72BF8A3E4D86}.AppStore|iPhone.ActiveCfg = AppStore|iPhone
		{AB41B62C-44FA-477E-A8CB-72BF8A3E4D86}.AppStore|iPhone.Build.0 = AppStore|iPhone
		{AB41B62C-44FA-477E-A8CB-72BF8A3E4D86}.AppStore|iPhoneSimulator.ActiveCfg = AppStore|iPhoneSimulator
		{AB41B62C-44FA-477E-A8CB-72BF8A3E4D86}.AppStore|iPhoneSimulator.Build.0 = AppStore|iPhoneSimulator
		{AB41B62C-44FA-477E-A8CB-72BF8A3E4D86}.AppStore|x64.ActiveCfg = AppStore|iPhone
		{AB41B62C-44FA-477E-A8CB-72BF8A3E4D86}.AppStore|x86.ActiveCfg = AppStore|iPhone
		{AB41B62C-44FA-477E-A8CB-72BF8A3E4D86}.Debug|Any CPU.ActiveCfg = Debug|iPhone
		{AB41B62C-44FA-477E-A8CB-72BF8A3E4D86}.Debug|ARM.ActiveCfg = Debug|iPhone
		{AB41B62C-44FA-477E-A8CB-72BF8A3E4D86}.Debug|iPhone.ActiveCfg = Debug|iPhone
		{AB41B62C-44FA-477E-A8CB-72BF8A3E4D86}.Debug|iPhone.Build.0 = Debug|iPhone
		{AB41B62C-44FA-477E-A8CB-72BF8A3E4D86}.Debug|iPhoneSimulator.ActiveCfg = Debug|iPhoneSimulator
		{AB41B62C-44FA-477E-A8CB-72BF8A3E4D86}.Debug|iPhoneSimulator.Build.0 = Debug|iPhoneSimulator
		{AB41B62C-44FA-477E-A8CB-72BF8A3E4D86}.Debug|x64.ActiveCfg = Debug|iPhone
		{AB41B62C-44FA-477E-A8CB-72BF8A3E4D86}.Debug|x86.ActiveCfg = Debug|iPhone
		{AB41B62C-44FA-477E-A8CB-72BF8A3E4D86}.Release|Any CPU.ActiveCfg = Release|iPhone
		{AB41B62C-44FA-477E-A8CB-72BF8A3E4D86}.Release|ARM.ActiveCfg = Release|iPhone
		{AB41B62C-44FA-477E-A8CB-72BF8A3E4D86}.Release|iPhone.ActiveCfg = Release|iPhone
		{AB41B62C-44FA-477E-A8CB-72BF8A3E4D86}.Release|iPhone.Build.0 = Release|iPhone
		{AB41B62C-44FA-477E-A8CB-72BF8A3E4D86}.Release|iPhoneSimulator.ActiveCfg = Release|iPhoneSimulator
		{AB41B62C-44FA-477E-A8CB-72BF8A3E4D86}.Release|iPhoneSimulator.Build.0 = Release|iPhoneSimulator
		{AB41B62C-44FA-477E-A8CB-72BF8A3E4D86}.Release|x64.ActiveCfg = Release|iPhone
		{AB41B62C-44FA-477E-A8CB-72BF8A3E4D86}.Release|x86.ActiveCfg = Release|iPhone
		{615BABC2-734F-47E7-ADD8-5A9B6FFC4597}.Ad-Hoc|Any CPU.ActiveCfg = Release|x86
		{615BABC2-734F-47E7-ADD8-5A9B6FFC4597}.Ad-Hoc|Any CPU.Build.0 = Release|x86
		{615BABC2-734F-47E7-ADD8-5A9B6FFC4597}.Ad-Hoc|Any CPU.Deploy.0 = Release|x86
		{615BABC2-734F-47E7-ADD8-5A9B6FFC4597}.Ad-Hoc|ARM.ActiveCfg = Release|ARM
		{615BABC2-734F-47E7-ADD8-5A9B6FFC4597}.Ad-Hoc|ARM.Build.0 = Release|ARM
		{615BABC2-734F-47E7-ADD8-5A9B6FFC4597}.Ad-Hoc|ARM.Deploy.0 = Release|ARM
		{615BABC2-734F-47E7-ADD8-5A9B6FFC4597}.Ad-Hoc|iPhone.ActiveCfg = Release|x86
		{615BABC2-734F-47E7-ADD8-5A9B6FFC4597}.Ad-Hoc|iPhone.Build.0 = Release|x86
		{615BABC2-734F-47E7-ADD8-5A9B6FFC4597}.Ad-Hoc|iPhone.Deploy.0 = Release|x86
		{615BABC2-734F-47E7-ADD8-5A9B6FFC4597}.Ad-Hoc|iPhoneSimulator.ActiveCfg = Release|x86
		{615BABC2-734F-47E7-ADD8-5A9B6FFC4597}.Ad-Hoc|iPhoneSimulator.Build.0 = Release|x86
		{615BABC2-734F-47E7-ADD8-5A9B6FFC4597}.Ad-Hoc|iPhoneSimulator.Deploy.0 = Release|x86
		{615BABC2-734F-47E7-ADD8-5A9B6FFC4597}.Ad-Hoc|x64.ActiveCfg = Release|x64
		{615BABC2-734F-47E7-ADD8-5A9B6FFC4597}.Ad-Hoc|x64.Build.0 = Release|x64
		{615BABC2-734F-47E7-ADD8-5A9B6FFC4597}.Ad-Hoc|x64.Deploy.0 = Release|x64
		{615BABC2-734F-47E7-ADD8-5A9B6FFC4597}.Ad-Hoc|x86.ActiveCfg = Release|x86
		{615BABC2-734F-47E7-ADD8-5A9B6FFC4597}.Ad-Hoc|x86.Build.0 = Release|x86
		{615BABC2-734F-47E7-ADD8-5A9B6FFC4597}.Ad-Hoc|x86.Deploy.0 = Release|x86
		{615BABC2-734F-47E7-ADD8-5A9B6FFC4597}.AppStore|Any CPU.ActiveCfg = Release|x86
		{615BABC2-734F-47E7-ADD8-5A9B6FFC4597}.AppStore|Any CPU.Build.0 = Release|x86
		{615BABC2-734F-47E7-ADD8-5A9B6FFC4597}.AppStore|Any CPU.Deploy.0 = Release|x86
		{615BABC2-734F-47E7-ADD8-5A9B6FFC4597}.AppStore|ARM.ActiveCfg = Release|ARM
		{615BABC2-734F-47E7-ADD8-5A9B6FFC4597}.AppStore|ARM.Build.0 = Release|ARM
		{615BABC2-734F-47E7-ADD8-5A9B6FFC4597}.AppStore|ARM.Deploy.0 = Release|ARM
		{615BABC2-734F-47E7-ADD8-5A9B6FFC4597}.AppStore|iPhone.ActiveCfg = Release|x86
		{615BABC2-734F-47E7-ADD8-5A9B6FFC4597}.AppStore|iPhone.Build.0 = Release|x86
		{615BABC2-734F-47E7-ADD8-5A9B6FFC4597}.AppStore|iPhone.Deploy.0 = Release|x86
		{615BABC2-734F-47E7-ADD8-5A9B6FFC4597}.AppStore|iPhoneSimulator.ActiveCfg = Release|x86
		{615BABC2-734F-47E7-ADD8-5A9B6FFC4597}.AppStore|iPhoneSimulator.Build.0 = Release|x86
		{615BABC2-734F-47E7-ADD8-5A9B6FFC4597}.AppStore|iPhoneSimulator.Deploy.0 = Release|x86
		{615BABC2-734F-47E7-ADD8-5A9B6FFC4597}.AppStore|x64.ActiveCfg = Release|x64
		{615BABC2-734F-47E7-ADD8-5A9B6FFC4597}.AppStore|x64.Build.0 = Release|x64
		{615BABC2-734F-47E7-ADD8-5A9B6FFC4597}.AppStore|x64.Deploy.0 = Release|x64
		{615BABC2-734F-47E7-ADD8-5A9B6FFC4597}.AppStore|x86.ActiveCfg = Release|x86
		{615BABC2-734F-47E7-ADD8-5A9B6FFC4597}.AppStore|x86.Build.0 = Release|x86
		{615BABC2-734F-47E7-ADD8-5A9B6FFC4597}.AppStore|x86.Deploy.0 = Release|x86
		{615BABC2-734F-47E7-ADD8-5A9B6FFC4597}.Debug|Any CPU.ActiveCfg = Debug|x86
		{615BABC2-734F-47E7-ADD8-5A9B6FFC4597}.Debug|ARM.ActiveCfg = Debug|ARM
		{615BABC2-734F-47E7-ADD8-5A9B6FFC4597}.Debug|ARM.Build.0 = Debug|ARM
		{615BABC2-734F-47E7-ADD8-5A9B6FFC4597}.Debug|ARM.Deploy.0 = Debug|ARM
		{615BABC2-734F-47E7-ADD8-5A9B6FFC4597}.Debug|iPhone.ActiveCfg = Debug|x86
		{615BABC2-734F-47E7-ADD8-5A9B6FFC4597}.Debug|iPhoneSimulator.ActiveCfg = Debug|x86
		{615BABC2-734F-47E7-ADD8-5A9B6FFC4597}.Debug|x64.ActiveCfg = Debug|x64
		{615BABC2-734F-47E7-ADD8-5A9B6FFC4597}.Debug|x64.Build.0 = Debug|x64
		{615BABC2-734F-47E7-ADD8-5A9B6FFC4597}.Debug|x64.Deploy.0 = Debug|x64
		{615BABC2-734F-47E7-ADD8-5A9B6FFC4597}.Debug|x86.ActiveCfg = Debug|x86
		{615BABC2-734F-47E7-ADD8-5A9B6FFC4597}.Debug|x86.Build.0 = Debug|x86
		{615BABC2-734F-47E7-ADD8-5A9B6FFC4597}.Debug|x86.Deploy.0 = Debug|x86
		{615BABC2-734F-47E7-ADD8-5A9B6FFC4597}.Release|Any CPU.ActiveCfg = Release|x86
		{615BABC2-734F-47E7-ADD8-5A9B6FFC4597}.Release|ARM.ActiveCfg = Release|ARM
		{615BABC2-734F-47E7-ADD8-5A9B6FFC4597}.Release|ARM.Build.0 = Release|ARM
		{615BABC2-734F-47E7-ADD8-5A9B6FFC4597}.Release|ARM.Deploy.0 = Release|ARM
		{615BABC2-734F-47E7-ADD8-5A9B6FFC4597}.Release|iPhone.ActiveCfg = Release|x86
		{615BABC2-734F-47E7-ADD8-5A9B6FFC4597}.Release|iPhoneSimulator.ActiveCfg = Release|x86
		{615BABC2-734F-47E7-ADD8-5A9B6FFC4597}.Release|x64.ActiveCfg = Release|x64
		{615BABC2-734F-47E7-ADD8-5A9B6FFC4597}.Release|x64.Build.0 = Release|x64
		{615BABC2-734F-47E7-ADD8-5A9B6FFC4597}.Release|x64.Deploy.0 = Release|x64
		{615BABC2-734F-47E7-ADD8-5A9B6FFC4597}.Release|x86.ActiveCfg = Release|x86
		{615BABC2-734F-47E7-ADD8-5A9B6FFC4597}.Release|x86.Build.0 = Release|x86
		{615BABC2-734F-47E7-ADD8-5A9B6FFC4597}.Release|x86.Deploy.0 = Release|x86
	EndGlobalSection
	GlobalSection(SolutionProperties) = preSolution
		HideSolutionNode = FALSE
	EndGlobalSection
	GlobalSection(ExtensibilityGlobals) = postSolution
		SolutionGuid = {D7281363-CA6A-4F12-895F-5E9273D25009}
	EndGlobalSection
EndGlobal
